
Microsoft Visual Studio Solution File, Format Version 12.00
# Visual Studio 2013
VisualStudioVersion = 12.0.21005.1
MinimumVisualStudioVersion = 10.0.40219.1
Project("{888888A0-9F3D-457C-B088-3A5042F75D52}") = "PythonChallenge Level15", "PythonChallenge Level15\PythonChallenge Level15.pyproj", "{22D20CD8-60EE-424D-AF55-5BBC8F66A0BA}"
EndProject
Global
	GlobalSection(SolutionConfigurationPlatforms) = preSolution
		Debug|Any CPU = Debug|Any CPU
		Release|Any CPU = Release|Any CPU
	EndGlobalSection
	GlobalSection(ProjectConfigurationPlatforms) = postSolution
		{22D20CD8-60EE-424D-AF55-5BBC8F66A0BA}.Debug|Any CPU.ActiveCfg = Debug|Any CPU
		{22D20CD8-60EE-424D-AF55-5BBC8F66A0BA}.Debug|Any CPU.Build.0 = Debug|Any CPU
		{22D20CD8-60EE-424D-AF55-5BBC8F66A0BA}.Release|Any CPU.ActiveCfg = Release|Any CPU
		{22D20CD8-60EE-424D-AF55-5BBC8F66A0BA}.Release|Any CPU.Build.0 = Release|Any CPU
	EndGlobalSection
	GlobalSection(SolutionProperties) = preSolution
		HideSolutionNode = FALSE
	EndGlobalSection
EndGlobal
