
Microsoft Visual Studio Solution File, Format Version 12.00
# Visual Studio 2013
VisualStudioVersion = 12.0.21005.1
MinimumVisualStudioVersion = 10.0.40219.1
Project("{888888A0-9F3D-457C-B088-3A5042F75D52}") = "PythonChallenge Level20", "PythonChallenge Level20\PythonChallenge Level20.pyproj", "{F85B0EA4-E6E8-4578-9906-D04C65D28929}"
EndProject
Global
	GlobalSection(SolutionConfigurationPlatforms) = preSolution
		Debug|Any CPU = Debug|Any CPU
		Release|Any CPU = Release|Any CPU
	EndGlobalSection
	GlobalSection(ProjectConfigurationPlatforms) = postSolution
		{F85B0EA4-E6E8-4578-9906-D04C65D28929}.Debug|Any CPU.ActiveCfg = Debug|Any CPU
		{F85B0EA4-E6E8-4578-9906-D04C65D28929}.Release|Any CPU.ActiveCfg = Release|Any CPU
	EndGlobalSection
	GlobalSection(SolutionProperties) = preSolution
		HideSolutionNode = FALSE
	EndGlobalSection
EndGlobal
