
Microsoft Visual Studio Solution File, Format Version 12.00
# Visual Studio 2013
VisualStudioVersion = 12.0.21005.1
MinimumVisualStudioVersion = 10.0.40219.1
Project("{888888A0-9F3D-457C-B088-3A5042F75D52}") = "PythonChallenge Level29", "PythonChallenge Level29\PythonChallenge Level29.pyproj", "{C75AD5D1-F48F-4019-A2A5-59C51CFB039B}"
EndProject
Global
	GlobalSection(SolutionConfigurationPlatforms) = preSolution
		Debug|Any CPU = Debug|Any CPU
		Release|Any CPU = Release|Any CPU
	EndGlobalSection
	GlobalSection(ProjectConfigurationPlatforms) = postSolution
		{C75AD5D1-F48F-4019-A2A5-59C51CFB039B}.Debug|Any CPU.ActiveCfg = Debug|Any CPU
		{C75AD5D1-F48F-4019-A2A5-59C51CFB039B}.Release|Any CPU.ActiveCfg = Release|Any CPU
	EndGlobalSection
	GlobalSection(SolutionProperties) = preSolution
		HideSolutionNode = FALSE
	EndGlobalSection
EndGlobal
