
Microsoft Visual Studio Solution File, Format Version 12.00
# Visual Studio 2013
VisualStudioVersion = 12.0.21005.1
MinimumVisualStudioVersion = 10.0.40219.1
Project("{888888A0-9F3D-457C-B088-3A5042F75D52}") = "PythonChallenge Level31", "PythonChallenge Level31\PythonChallenge Level31.pyproj", "{00E4DA9D-2C5E-476A-B3F7-CB975F7F7190}"
EndProject
Global
	GlobalSection(SolutionConfigurationPlatforms) = preSolution
		Debug|Any CPU = Debug|Any CPU
		Release|Any CPU = Release|Any CPU
	EndGlobalSection
	GlobalSection(ProjectConfigurationPlatforms) = postSolution
		{00E4DA9D-2C5E-476A-B3F7-CB975F7F7190}.Debug|Any CPU.ActiveCfg = Debug|Any CPU
		{00E4DA9D-2C5E-476A-B3F7-CB975F7F7190}.Release|Any CPU.ActiveCfg = Release|Any CPU
	EndGlobalSection
	GlobalSection(SolutionProperties) = preSolution
		HideSolutionNode = FALSE
	EndGlobalSection
EndGlobal
